
Microsoft Visual Studio Solution File, Format Version 12.00
# Visual Studio 15
VisualStudioVersion = 15.0.25807.0
MinimumVisualStudioVersion = 10.0.40219.1
Project("{2150E333-8FDC-42A3-9474-1A3956D46DE8}") = "Engine", "Engine", "{5881F334-D838-43C6-9989-E4F1ADBBB939}"
EndProject
Project("{2150E333-8FDC-42A3-9474-1A3956D46DE8}") = "Games", "Games", "{12E590BD-E935-48B7-B636-190481178641}"
EndProject
Project("{8BC9CEB8-8B4A-11D0-8D11-00A0C91BC942}") = "spacethng", "Intermediate\ProjectFiles\spacethng.vcxproj", "{81E908D0-CAE2-40DD-BA1F-13B328FD177D}"
EndProject
Project("{8BC9CEB8-8B4A-11D0-8D11-00A0C91BC942}") = "UE4", "Intermediate\ProjectFiles\UE4.vcxproj", "{0B1528EB-EA52-46BB-9D24-4E7108E1431F}"
EndProject
Project("{2150E333-8FDC-42A3-9474-1A3956D46DE8}") = "Visualizers", "Visualizers", "{918D77AC-8A7A-4146-B3AC-EC4FFCAA47C6}"
	ProjectSection(SolutionItems) = preProject
		D:\Epic Games\UE_4.21\Engine\Extras\VisualStudioDebugging\UE4.natvis = D:\Epic Games\UE_4.21\Engine\Extras\VisualStudioDebugging\UE4.natvis
	EndProjectSection
EndProject
Global
	GlobalSection(SolutionConfigurationPlatforms) = preSolution
		DebugGame Editor|HTML5 = DebugGame Editor|HTML5
		DebugGame Editor|Win32 = DebugGame Editor|Win32
		DebugGame Editor|Win64 = DebugGame Editor|Win64
		DebugGame|HTML5 = DebugGame|HTML5
		DebugGame|Win32 = DebugGame|Win32
		DebugGame|Win64 = DebugGame|Win64
		Development Editor|HTML5 = Development Editor|HTML5
		Development Editor|Win32 = Development Editor|Win32
		Development Editor|Win64 = Development Editor|Win64
		Development|HTML5 = Development|HTML5
		Development|Win32 = Development|Win32
		Development|Win64 = Development|Win64
		Shipping|HTML5 = Shipping|HTML5
		Shipping|Win32 = Shipping|Win32
		Shipping|Win64 = Shipping|Win64
	EndGlobalSection
	GlobalSection(ProjectConfigurationPlatforms) = postSolution
		{81E908D0-CAE2-40DD-BA1F-13B328FD177D}.DebugGame Editor|HTML5.ActiveCfg = Invalid|Win32
		{81E908D0-CAE2-40DD-BA1F-13B328FD177D}.DebugGame Editor|Win32.ActiveCfg = Invalid|Win32
		{81E908D0-CAE2-40DD-BA1F-13B328FD177D}.DebugGame Editor|Win64.ActiveCfg = DebugGame_Editor|x64
		{81E908D0-CAE2-40DD-BA1F-13B328FD177D}.DebugGame Editor|Win64.Build.0 = DebugGame_Editor|x64
		{81E908D0-CAE2-40DD-BA1F-13B328FD177D}.DebugGame|HTML5.ActiveCfg = HTML5_DebugGame|Win32
		{81E908D0-CAE2-40DD-BA1F-13B328FD177D}.DebugGame|HTML5.Build.0 = HTML5_DebugGame|Win32
		{81E908D0-CAE2-40DD-BA1F-13B328FD177D}.DebugGame|Win32.ActiveCfg = DebugGame|Win32
		{81E908D0-CAE2-40DD-BA1F-13B328FD177D}.DebugGame|Win32.Build.0 = DebugGame|Win32
		{81E908D0-CAE2-40DD-BA1F-13B328FD177D}.DebugGame|Win64.ActiveCfg = DebugGame|x64
		{81E908D0-CAE2-40DD-BA1F-13B328FD177D}.DebugGame|Win64.Build.0 = DebugGame|x64
		{81E908D0-CAE2-40DD-BA1F-13B328FD177D}.Development Editor|HTML5.ActiveCfg = Invalid|Win32
		{81E908D0-CAE2-40DD-BA1F-13B328FD177D}.Development Editor|Win32.ActiveCfg = Invalid|Win32
		{81E908D0-CAE2-40DD-BA1F-13B328FD177D}.Development Editor|Win64.ActiveCfg = Development_Editor|x64
		{81E908D0-CAE2-40DD-BA1F-13B328FD177D}.Development Editor|Win64.Build.0 = Development_Editor|x64
		{81E908D0-CAE2-40DD-BA1F-13B328FD177D}.Development|HTML5.ActiveCfg = HTML5_Development|Win32
		{81E908D0-CAE2-40DD-BA1F-13B328FD177D}.Development|HTML5.Build.0 = HTML5_Development|Win32
		{81E908D0-CAE2-40DD-BA1F-13B328FD177D}.Development|Win32.ActiveCfg = Development|Win32
		{81E908D0-CAE2-40DD-BA1F-13B328FD177D}.Development|Win32.Build.0 = Development|Win32
		{81E908D0-CAE2-40DD-BA1F-13B328FD177D}.Development|Win64.ActiveCfg = Development|x64
		{81E908D0-CAE2-40DD-BA1F-13B328FD177D}.Development|Win64.Build.0 = Development|x64
		{81E908D0-CAE2-40DD-BA1F-13B328FD177D}.Shipping|HTML5.ActiveCfg = HTML5_Shipping|Win32
		{81E908D0-CAE2-40DD-BA1F-13B328FD177D}.Shipping|HTML5.Build.0 = HTML5_Shipping|Win32
		{81E908D0-CAE2-40DD-BA1F-13B328FD177D}.Shipping|Win32.ActiveCfg = Shipping|Win32
		{81E908D0-CAE2-40DD-BA1F-13B328FD177D}.Shipping|Win32.Build.0 = Shipping|Win32
		{81E908D0-CAE2-40DD-BA1F-13B328FD177D}.Shipping|Win64.ActiveCfg = Shipping|x64
		{81E908D0-CAE2-40DD-BA1F-13B328FD177D}.Shipping|Win64.Build.0 = Shipping|x64
		{0B1528EB-EA52-46BB-9D24-4E7108E1431F}.DebugGame Editor|HTML5.ActiveCfg = BuiltWithUnrealBuildTool|Win32
		{0B1528EB-EA52-46BB-9D24-4E7108E1431F}.DebugGame Editor|Win32.ActiveCfg = BuiltWithUnrealBuildTool|Win32
		{0B1528EB-EA52-46BB-9D24-4E7108E1431F}.DebugGame Editor|Win64.ActiveCfg = BuiltWithUnrealBuildTool|Win32
		{0B1528EB-EA52-46BB-9D24-4E7108E1431F}.DebugGame|HTML5.ActiveCfg = BuiltWithUnrealBuildTool|Win32
		{0B1528EB-EA52-46BB-9D24-4E7108E1431F}.DebugGame|Win32.ActiveCfg = BuiltWithUnrealBuildTool|Win32
		{0B1528EB-EA52-46BB-9D24-4E7108E1431F}.DebugGame|Win64.ActiveCfg = BuiltWithUnrealBuildTool|Win32
		{0B1528EB-EA52-46BB-9D24-4E7108E1431F}.Development Editor|HTML5.ActiveCfg = BuiltWithUnrealBuildTool|Win32
		{0B1528EB-EA52-46BB-9D24-4E7108E1431F}.Development Editor|Win32.ActiveCfg = BuiltWithUnrealBuildTool|Win32
		{0B1528EB-EA52-46BB-9D24-4E7108E1431F}.Development Editor|Win64.ActiveCfg = BuiltWithUnrealBuildTool|Win32
		{0B1528EB-EA52-46BB-9D24-4E7108E1431F}.Development|HTML5.ActiveCfg = BuiltWithUnrealBuildTool|Win32
		{0B1528EB-EA52-46BB-9D24-4E7108E1431F}.Development|Win32.ActiveCfg = BuiltWithUnrealBuildTool|Win32
		{0B1528EB-EA52-46BB-9D24-4E7108E1431F}.Development|Win64.ActiveCfg = BuiltWithUnrealBuildTool|Win32
		{0B1528EB-EA52-46BB-9D24-4E7108E1431F}.Shipping|HTML5.ActiveCfg = BuiltWithUnrealBuildTool|Win32
		{0B1528EB-EA52-46BB-9D24-4E7108E1431F}.Shipping|Win32.ActiveCfg = BuiltWithUnrealBuildTool|Win32
		{0B1528EB-EA52-46BB-9D24-4E7108E1431F}.Shipping|Win64.ActiveCfg = BuiltWithUnrealBuildTool|Win32
	EndGlobalSection
	GlobalSection(SolutionProperties) = preSolution
		HideSolutionNode = FALSE
	EndGlobalSection
	GlobalSection(NestedProjects) = preSolution
		{0B1528EB-EA52-46BB-9D24-4E7108E1431F} = {5881F334-D838-43C6-9989-E4F1ADBBB939}
		{81E908D0-CAE2-40DD-BA1F-13B328FD177D} = {12E590BD-E935-48B7-B636-190481178641}
	EndGlobalSection
EndGlobal
